
Microsoft Visual Studio Solution File, Format Version 12.00
# Visual Studio 15
VisualStudioVersion = 15.0.26430.12
MinimumVisualStudioVersion = 10.0.40219.1
Project("{FAE04EC0-301F-11D3-BF4B-00C04F79EFBC}") = "WpfTrial", "WpfTrial\WpfTrial.csproj", "{CAAA6FDF-AB88-4102-8F40-1327104D2A0B}"
EndProject
Global
	GlobalSection(SolutionConfigurationPlatforms) = preSolution
		Debug|Any CPU = Debug|Any CPU
		Release|Any CPU = Release|Any CPU
	EndGlobalSection
	GlobalSection(ProjectConfigurationPlatforms) = postSolution
		{CAAA6FDF-AB88-4102-8F40-1327104D2A0B}.Debug|Any CPU.ActiveCfg = Debug|Any CPU
		{CAAA6FDF-AB88-4102-8F40-1327104D2A0B}.Debug|Any CPU.Build.0 = Debug|Any CPU
		{CAAA6FDF-AB88-4102-8F40-1327104D2A0B}.Release|Any CPU.ActiveCfg = Release|Any CPU
		{CAAA6FDF-AB88-4102-8F40-1327104D2A0B}.Release|Any CPU.Build.0 = Release|Any CPU
	EndGlobalSection
	GlobalSection(SolutionProperties) = preSolution
		HideSolutionNode = FALSE
	EndGlobalSection
EndGlobal
